{
  "name": "json-parser-in-typescript-very-bad-idea-please-dont-use",
  "version": "1.0.0",
  "lockfileVersion": 1,
  "requires": true,
  "dependencies": {
    "typescript": {
      "version": "4.1.0-dev.20200903",
      "resolved": "https://registry.npmjs.org/typescript/-/typescript-4.1.0-dev.20200903.tgz",
      "integrity": "sha512-/1BEKDeJZbeSq6KhNzAdzdkV49riQQSsj3FeDiCBzwrdcOKR61eP5yX5Qgp+1IiwsGQJbkY5UzJ10oYe1lmptQ==",
      "dev": true
    }
  }
}
